
Microsoft Visual Studio Solution File, Format Version 12.00
# Visual Studio 15
VisualStudioVersion = 15.0.26228.9
MinimumVisualStudioVersion = 10.0.40219.1
Project("{FAE04EC0-301F-11D3-BF4B-00C04F79EFBC}") = "Server", "Server\Server.csproj", "{757D258B-6094-4EB4-96B0-3D28E2E37EE1}"
EndProject
Project("{FAE04EC0-301F-11D3-BF4B-00C04F79EFBC}") = "Client", "Client\Client.csproj", "{00743823-4341-40F4-B14D-BDCD31ED0BFF}"
EndProject
Global
	GlobalSection(SolutionConfigurationPlatforms) = preSolution
		Debug|Any CPU = Debug|Any CPU
		Release|Any CPU = Release|Any CPU
	EndGlobalSection
	GlobalSection(ProjectConfigurationPlatforms) = postSolution
		{757D258B-6094-4EB4-96B0-3D28E2E37EE1}.Debug|Any CPU.ActiveCfg = Debug|Any CPU
		{757D258B-6094-4EB4-96B0-3D28E2E37EE1}.Debug|Any CPU.Build.0 = Debug|Any CPU
		{757D258B-6094-4EB4-96B0-3D28E2E37EE1}.Release|Any CPU.ActiveCfg = Release|Any CPU
		{757D258B-6094-4EB4-96B0-3D28E2E37EE1}.Release|Any CPU.Build.0 = Release|Any CPU
		{00743823-4341-40F4-B14D-BDCD31ED0BFF}.Debug|Any CPU.ActiveCfg = Debug|Any CPU
		{00743823-4341-40F4-B14D-BDCD31ED0BFF}.Debug|Any CPU.Build.0 = Debug|Any CPU
		{00743823-4341-40F4-B14D-BDCD31ED0BFF}.Release|Any CPU.ActiveCfg = Release|Any CPU
		{00743823-4341-40F4-B14D-BDCD31ED0BFF}.Release|Any CPU.Build.0 = Release|Any CPU
	EndGlobalSection
	GlobalSection(SolutionProperties) = preSolution
		HideSolutionNode = FALSE
	EndGlobalSection
EndGlobal
